{
  "name": "Discord_Server_Channel_Attachment_Downloader_Bot",
  "version": "1.0.6",
  "lockfileVersion": 1,
  "requires": true,
  "dependencies": {
    "async-limiter": {
      "version": "1.0.1",
      "resolved": "https://registry.npmjs.org/async-limiter/-/async-limiter-1.0.1.tgz",
      "integrity": "sha512-csOlWGAcRFJaI6m+F2WKdnMKr4HhdhFVBk0H/QbJFMCr+uO2kwohwXQPxw/9OCxp05r5ghVBFSyioixx3gfkNQ=="
    },
    "asynckit": {
      "version": "0.4.0",
      "resolved": "https://registry.npmjs.org/asynckit/-/asynckit-0.4.0.tgz",
      "integrity": "sha512-Oei9OH4tRh0YqU3GxhX79dM/mwVgvbZJaSNaRk+bshkj0S5cfHcgYakreBjrHwatXKbz+IoIdYLxrKim2MjW0Q=="
    },
    "axios": {
      "version": "1.6.0",
      "resolved": "https://registry.npmjs.org/axios/-/axios-1.6.0.tgz",
      "integrity": "sha512-EZ1DYihju9pwVB+jg67ogm+Tmqc6JmhamRN6I4Zt8DfZu5lbcQGw3ozH9lFejSJgs/ibaef3A9PMXPLeefFGJg==",
      "requires": {
        "follow-redirects": "^1.15.0",
        "form-data": "^4.0.0",
        "proxy-from-env": "^1.1.0"
      }
    },
    "colors": {
      "version": "1.4.0",
      "resolved": "https://registry.npmjs.org/colors/-/colors-1.4.0.tgz",
      "integrity": "sha512-a+UqTh4kgZg/SlGvfbzDHpgRu7AAQOmmqRHJnxhRZICKFUT91brVhNNt58CMWU9PsBbv3PDCZUHbVxuDiH2mtA=="
    },
    "combined-stream": {
      "version": "1.0.8",
      "resolved": "https://registry.npmjs.org/combined-stream/-/combined-stream-1.0.8.tgz",
      "integrity": "sha512-FQN4MRfuJeHf7cBbBMJFXhKSDq+2kAArBlmRBvcvFE5BB1HZKXtSFASDhdlz9zOYwxh8lDdnvmMOe/+5cdoEdg==",
      "requires": {
        "delayed-stream": "~1.0.0"
      }
    },
    "delayed-stream": {
      "version": "1.0.0",
      "resolved": "https://registry.npmjs.org/delayed-stream/-/delayed-stream-1.0.0.tgz",
      "integrity": "sha512-ZySD7Nf91aLB0RxL4KGrKHBXl7Eds1DAmEdcoVawXnLD7SDhpNgtuII2aAkg7a7QS41jxPSZ17p4VdGnMHk3MQ=="
    },
    "discord.js": {
      "version": "11.5.1",
      "resolved": "https://registry.npmjs.org/discord.js/-/discord.js-11.5.1.tgz",
      "integrity": "sha512-tGhV5xaZXE3Z+4uXJb3hYM6gQ1NmnSxp9PClcsSAYFVRzH6AJH74040mO3afPDMWEAlj8XsoPXXTJHTxesqcGw==",
      "requires": {
        "long": "^4.0.0",
        "prism-media": "^0.0.3",
        "snekfetch": "^3.6.4",
        "tweetnacl": "^1.0.0",
        "ws": "^6.0.0"
      }
    },
    "follow-redirects": {
      "version": "1.15.3",
      "resolved": "https://registry.npmjs.org/follow-redirects/-/follow-redirects-1.15.3.tgz",
      "integrity": "sha512-1VzOtuEM8pC9SFU1E+8KfTjZyMztRsgEfwQl44z8A25uy13jSzTj6dyK2Df52iV0vgHCfBwLhDWevLn95w5v6Q=="
    },
    "form-data": {
      "version": "4.0.0",
      "resolved": "https://registry.npmjs.org/form-data/-/form-data-4.0.0.tgz",
      "integrity": "sha512-ETEklSGi5t0QMZuiXoA/Q6vcnxcLQP5vdugSpuAyi6SVGi2clPPp+xgEhuMaHC+zGgn31Kd235W35f7Hykkaww==",
      "requires": {
        "asynckit": "^0.4.0",
        "combined-stream": "^1.0.8",
        "mime-types": "^2.1.12"
      }
    },
    "line-reader": {
      "version": "0.4.0",
      "resolved": "https://registry.npmjs.org/line-reader/-/line-reader-0.4.0.tgz",
      "integrity": "sha1-F+RIGNoKwzVnW6MAlU+U72cOZv0="
    },
    "long": {
      "version": "4.0.0",
      "resolved": "https://registry.npmjs.org/long/-/long-4.0.0.tgz",
      "integrity": "sha512-XsP+KhQif4bjX1kbuSiySJFNAehNxgLb6hPRGJ9QsUr8ajHkuXGdrHmFUTUUXhDwVX2R5bY4JNZEwbUiMhV+MA=="
    },
    "mime-db": {
      "version": "1.52.0",
      "resolved": "https://registry.npmjs.org/mime-db/-/mime-db-1.52.0.tgz",
      "integrity": "sha512-sPU4uV7dYlvtWJxwwxHD0PuihVNiE7TyAbQ5SWxDCB9mUYvOgroQOwYQQOKPJ8CIbE+1ETVlOoK1UC2nU3gYvg=="
    },
    "mime-types": {
      "version": "2.1.35",
      "resolved": "https://registry.npmjs.org/mime-types/-/mime-types-2.1.35.tgz",
      "integrity": "sha512-ZDY+bPm5zTTF+YpCrAU9nK0UgICYPT0QtT1NZWFv4s++TNkcgVaT0g6+4R2uI4MjQjzysHB1zxuWL50hzaeXiw==",
      "requires": {
        "mime-db": "1.52.0"
      }
    },
    "prism-media": {
      "version": "0.0.3",
      "resolved": "https://registry.npmjs.org/prism-media/-/prism-media-0.0.3.tgz",
      "integrity": "sha512-c9KkNifSMU/iXT8FFTaBwBMr+rdVcN+H/uNv1o+CuFeTThNZNTOrQ+RgXA1yL/DeLk098duAeRPP3QNPNbhxYQ=="
    },
    "proxy-from-env": {
      "version": "1.1.0",
      "resolved": "https://registry.npmjs.org/proxy-from-env/-/proxy-from-env-1.1.0.tgz",
      "integrity": "sha512-D+zkORCbA9f1tdWRK0RaCR3GPv50cMxcrz4X8k5LTSUD1Dkw47mKJEZQNunItRTkWwgtaUSo1RVFRIG9ZXiFYg=="
    },
    "snekfetch": {
      "version": "3.6.4",
      "resolved": "https://registry.npmjs.org/snekfetch/-/snekfetch-3.6.4.tgz",
      "integrity": "sha512-NjxjITIj04Ffqid5lqr7XdgwM7X61c/Dns073Ly170bPQHLm6jkmelye/eglS++1nfTWktpP6Y2bFXjdPlQqdw=="
    },
    "tweetnacl": {
      "version": "1.0.1",
      "resolved": "https://registry.npmjs.org/tweetnacl/-/tweetnacl-1.0.1.tgz",
      "integrity": "sha512-kcoMoKTPYnoeS50tzoqjPY3Uv9axeuuFAZY9M/9zFnhoVvRfxz9K29IMPD7jGmt2c8SW7i3gT9WqDl2+nV7p4A=="
    },
    "ws": {
      "version": "6.2.2",
      "resolved": "https://registry.npmjs.org/ws/-/ws-6.2.2.tgz",
      "integrity": "sha512-zmhltoSR8u1cnDsD43TX59mzoMZsLKqUweyYBAIvTngR3shc0W6aOZylZmq/7hqyVxPdi+5Ud2QInblgyE72fw==",
      "requires": {
        "async-limiter": "~1.0.0"
      }
    }
  }
}
